
Microsoft Visual Studio Solution File, Format Version 12.00
# Visual Studio Version 16
VisualStudioVersion = 16.0.30503.244
MinimumVisualStudioVersion = 10.0.40219.1
Project("{9A19103F-16F7-4668-BE54-9A1E7A4F7556}") = "ScaffoldingTester", "ScaffoldingTester\ScaffoldingTester.csproj", "{F1BA9BB2-8BF3-4CA9-A7B2-D4E79F53BBEB}"
EndProject
Project("{9A19103F-16F7-4668-BE54-9A1E7A4F7556}") = "ConsoleApp", "ConsoleApp\ConsoleApp.csproj", "{2F5FE4C8-8A07-4D99-A5CD-2B6D3AEBCE35}"
EndProject
Project("{FAE04EC0-301F-11D3-BF4B-00C04F79EFBC}") = "MigrationsTest", "MigrationsTest\MigrationsTest.csproj", "{9DC6DDA3-070E-447A-826E-F0D68BFC3EC8}"
EndProject
Global
	GlobalSection(SolutionConfigurationPlatforms) = preSolution
		Debug|Any CPU = Debug|Any CPU
		Release|Any CPU = Release|Any CPU
	EndGlobalSection
	GlobalSection(ProjectConfigurationPlatforms) = postSolution
		{F1BA9BB2-8BF3-4CA9-A7B2-D4E79F53BBEB}.Debug|Any CPU.ActiveCfg = Debug|Any CPU
		{F1BA9BB2-8BF3-4CA9-A7B2-D4E79F53BBEB}.Debug|Any CPU.Build.0 = Debug|Any CPU
		{F1BA9BB2-8BF3-4CA9-A7B2-D4E79F53BBEB}.Release|Any CPU.ActiveCfg = Release|Any CPU
		{F1BA9BB2-8BF3-4CA9-A7B2-D4E79F53BBEB}.Release|Any CPU.Build.0 = Release|Any CPU
		{2F5FE4C8-8A07-4D99-A5CD-2B6D3AEBCE35}.Debug|Any CPU.ActiveCfg = Debug|Any CPU
		{2F5FE4C8-8A07-4D99-A5CD-2B6D3AEBCE35}.Debug|Any CPU.Build.0 = Debug|Any CPU
		{2F5FE4C8-8A07-4D99-A5CD-2B6D3AEBCE35}.Release|Any CPU.ActiveCfg = Release|Any CPU
		{2F5FE4C8-8A07-4D99-A5CD-2B6D3AEBCE35}.Release|Any CPU.Build.0 = Release|Any CPU
		{9DC6DDA3-070E-447A-826E-F0D68BFC3EC8}.Debug|Any CPU.ActiveCfg = Debug|Any CPU
		{9DC6DDA3-070E-447A-826E-F0D68BFC3EC8}.Debug|Any CPU.Build.0 = Debug|Any CPU
		{9DC6DDA3-070E-447A-826E-F0D68BFC3EC8}.Release|Any CPU.ActiveCfg = Release|Any CPU
		{9DC6DDA3-070E-447A-826E-F0D68BFC3EC8}.Release|Any CPU.Build.0 = Release|Any CPU
	EndGlobalSection
	GlobalSection(SolutionProperties) = preSolution
		HideSolutionNode = FALSE
	EndGlobalSection
	GlobalSection(ExtensibilityGlobals) = postSolution
		SolutionGuid = {1C8C2255-9A2D-4A1C-B383-E0370D5CF28E}
	EndGlobalSection
EndGlobal
