
Microsoft Visual Studio Solution File, Format Version 12.00
# Visual Studio Version 17
VisualStudioVersion = 17.0.31710.8
MinimumVisualStudioVersion = 10.0.40219.1
Project("{FAE04EC0-301F-11D3-BF4B-00C04F79EFBC}") = "UnitTests", "UnitTests\UnitTests.csproj", "{562B5F7B-6229-4019-BFA9-CD7FD4773081}"
EndProject
Project("{9A19103F-16F7-4668-BE54-9A1E7A4F7556}") = "ErikEJ.EntityFrameworkCore.DgmlBuilder", "ErikEJ.EntityFrameworkCore.DgmlBuilder\ErikEJ.EntityFrameworkCore.DgmlBuilder.csproj", "{079B9426-9230-468E-8D02-2A0DE07C7237}"
EndProject
Project("{FAE04EC0-301F-11D3-BF4B-00C04F79EFBC}") = "EFCorePowerTools", "EFCorePowerTools\EFCorePowerTools.csproj", "{C670BE03-6397-4AC0-9914-AD1BB679778F}"
EndProject
Project("{2150E333-8FDC-42A3-9474-1A3956D46DE8}") = "Modelling", "Modelling", "{D1EDDE24-5DC8-407E-BE37-77AD0B75759D}"
EndProject
Project("{2150E333-8FDC-42A3-9474-1A3956D46DE8}") = "RevEng", "RevEng", "{F33E4994-452C-4C09-9FB5-C2E17D0884B6}"
EndProject
Project("{9A19103F-16F7-4668-BE54-9A1E7A4F7556}") = "EFCorePowerTools.Shared", "EFCorePowerTools.Shared\EFCorePowerTools.Shared.csproj", "{2BD0C616-7126-4E12-A37D-A08B04BBF5E9}"
EndProject
Project("{9A19103F-16F7-4668-BE54-9A1E7A4F7556}") = "EFCorePowerTools.BLL", "EFCorePowerTools.BLL\EFCorePowerTools.BLL.csproj", "{F7BBF46C-7EA9-44FE-9DF0-43FA60B7CB3C}"
EndProject
Project("{9A19103F-16F7-4668-BE54-9A1E7A4F7556}") = "efpt30.core", "efpt30.core\efpt30.core.csproj", "{4562597A-EBAA-4CD4-9F89-AD45AB08FF56}"
EndProject
Project("{9A19103F-16F7-4668-BE54-9A1E7A4F7556}") = "RevEng.Shared", "RevEng.Shared\RevEng.Shared.csproj", "{D4594A0C-B02F-469D-9521-F0BDD5A30FC0}"
EndProject
Project("{9A19103F-16F7-4668-BE54-9A1E7A4F7556}") = "efreveng", "efreveng\efreveng.csproj", "{EBD761ED-96D2-44F6-9099-9D376CE7181F}"
EndProject
Project("{9A19103F-16F7-4668-BE54-9A1E7A4F7556}") = "DacFxStrongTypedCore", "DacFxStrongTypedCore\DacFxStrongTypedCore.csproj", "{A9D41FE5-9FB7-4640-ADFF-217BA39F1CE3}"
EndProject
Project("{9A19103F-16F7-4668-BE54-9A1E7A4F7556}") = "ErikEJ.EntityFrameworkCore.SqlServer.Dacpac", "ErikEJ.EntityFrameworkCore.SqlServer.Dacpac\ErikEJ.EntityFrameworkCore.SqlServer.Dacpac.csproj", "{B7227A5D-DDFF-4E18-B3FE-AC992A293D6A}"
EndProject
Project("{2150E333-8FDC-42A3-9474-1A3956D46DE8}") = "Test", "Test", "{EBED32C4-05FB-4996-BCFF-5DC1EF43CA21}"
EndProject
Project("{9A19103F-16F7-4668-BE54-9A1E7A4F7556}") = "NUnitTestCore", "NUnitTestCore\NUnitTestCore.csproj", "{0669C921-3181-4ABD-A132-C8B0A772396F}"
EndProject
Project("{9A19103F-16F7-4668-BE54-9A1E7A4F7556}") = "RevEng.Core", "RevEng.Core\RevEng.Core.csproj", "{C3011998-0672-4F76-955F-2C25CBE71A62}"
EndProject
Project("{9A19103F-16F7-4668-BE54-9A1E7A4F7556}") = "efpt50.core", "efpt50.core\efpt50.core.csproj", "{077ADE2E-0B69-4359-A3F0-D69DB720689A}"
EndProject
Project("{9A19103F-16F7-4668-BE54-9A1E7A4F7556}") = "efreveng50", "efreveng50\efreveng50.csproj", "{845EE2FF-6BF3-44A2-BA96-9617360A815F}"
EndProject
Project("{9A19103F-16F7-4668-BE54-9A1E7A4F7556}") = "RevEng.Core.50", "RevEng.Core.50\RevEng.Core.50.csproj", "{587362CD-AE24-4A4C-B434-34ECE66DB397}"
EndProject
Project("{9A19103F-16F7-4668-BE54-9A1E7A4F7556}") = "RevEng.Core.Abstractions", "RevEng.Core.Abstractions\RevEng.Core.Abstractions.csproj", "{DB88DADE-90F2-4250-8092-6C35F3582AE0}"
EndProject
Project("{9A19103F-16F7-4668-BE54-9A1E7A4F7556}") = "ErikEJ.EntityFrameworkCore.5.DgmlBuilder", "ErikEJ.EntityFrameworkCore.5.DgmlBuilder\ErikEJ.EntityFrameworkCore.5.DgmlBuilder.csproj", "{9212E4DF-87A4-40B3-A1E7-858C0A0F4DC3}"
EndProject
Project("{9A19103F-16F7-4668-BE54-9A1E7A4F7556}") = "ErikEJ.EntityFrameworkCore.5.SqlServer.Dacpac", "ErikEJ.EntityFrameworkCore.5.SqlServer.Dacpac\ErikEJ.EntityFrameworkCore.5.SqlServer.Dacpac.csproj", "{14F71536-7EED-4F35-A6CB-3BE629795873}"
EndProject
Project("{9A19103F-16F7-4668-BE54-9A1E7A4F7556}") = "efpt60.core", "efpt60.core\efpt60.core.csproj", "{ACB6488C-BB75-4707-8D52-760402CEF9E6}"
EndProject
Project("{9A19103F-16F7-4668-BE54-9A1E7A4F7556}") = "efreveng60", "efreveng60\efreveng60.csproj", "{FBA5F2B1-6BDD-4EC0-9476-00F95C151952}"
EndProject
Project("{9A19103F-16F7-4668-BE54-9A1E7A4F7556}") = "RevEng.Core.60", "RevEng.Core.60\RevEng.Core.60.csproj", "{A45A6FCB-485D-4D20-AB30-08A72FDEFFCB}"
EndProject
Project("{D954291E-2A0B-460D-934E-DC6B0785DB48}") = "Shared", "Shared\Shared.shproj", "{9774F070-C59A-4FC2-93A5-90B7E7435FE8}"
EndProject
Project("{9A19103F-16F7-4668-BE54-9A1E7A4F7556}") = "ErikEJ.EntityFrameworkCore.SqlServer.SqlQuery", "ErikEJ.EntityFrameworkCore.SqlServer.SqlQuery\ErikEJ.EntityFrameworkCore.SqlServer.SqlQuery.csproj", "{2F99336C-48D4-4454-9877-15669E68B2BD}"
EndProject
Project("{2150E333-8FDC-42A3-9474-1A3956D46DE8}") = "Packages", "Packages", "{8B7992B9-F570-4E74-8AE4-F9436BD7CBEF}"
EndProject
Project("{9A19103F-16F7-4668-BE54-9A1E7A4F7556}") = "ErikEJ.EntityFrameworkCore.6.SqlServer.Dacpac", "ErikEJ.EntityFrameworkCore.6.SqlServer.Dacpac\ErikEJ.EntityFrameworkCore.6.SqlServer.Dacpac.csproj", "{BCDBF137-E38B-40E8-8BAD-651D4D097032}"
EndProject
Project("{9A19103F-16F7-4668-BE54-9A1E7A4F7556}") = "ErikEJ.EntityFrameworkCore.6.DgmlBuilder", "ErikEJ.EntityFrameworkCore.6.DgmlBuilder\ErikEJ.EntityFrameworkCore.6.DgmlBuilder.csproj", "{42C3E4B4-656F-4087-82B4-2048713D1BBC}"
EndProject
Project("{9A19103F-16F7-4668-BE54-9A1E7A4F7556}") = "ErikEJ.EntityFrameworkCore.6.SqlServer.SqlQuery", "ErikEJ.EntityFrameworkCore.6.SqlServer.SqlQuery\ErikEJ.EntityFrameworkCore.6.SqlServer.SqlQuery.csproj", "{8F75978E-966D-47BF-8948-42B886ED1BD9}"
EndProject
Global
	GlobalSection(SharedMSBuildProjectFiles) = preSolution
		Shared\Shared.projitems*{9774f070-c59a-4fc2-93a5-90b7e7435fe8}*SharedItemsImports = 13
		Shared\Shared.projitems*{c670be03-6397-4ac0-9914-ad1bb679778f}*SharedItemsImports = 4
	EndGlobalSection
	GlobalSection(SolutionConfigurationPlatforms) = preSolution
		Debug|Any CPU = Debug|Any CPU
		Release|Any CPU = Release|Any CPU
	EndGlobalSection
	GlobalSection(ProjectConfigurationPlatforms) = postSolution
		{562B5F7B-6229-4019-BFA9-CD7FD4773081}.Debug|Any CPU.ActiveCfg = Debug|Any CPU
		{562B5F7B-6229-4019-BFA9-CD7FD4773081}.Debug|Any CPU.Build.0 = Debug|Any CPU
		{562B5F7B-6229-4019-BFA9-CD7FD4773081}.Release|Any CPU.ActiveCfg = Release|Any CPU
		{562B5F7B-6229-4019-BFA9-CD7FD4773081}.Release|Any CPU.Build.0 = Release|Any CPU
		{079B9426-9230-468E-8D02-2A0DE07C7237}.Debug|Any CPU.ActiveCfg = Debug|Any CPU
		{079B9426-9230-468E-8D02-2A0DE07C7237}.Debug|Any CPU.Build.0 = Debug|Any CPU
		{079B9426-9230-468E-8D02-2A0DE07C7237}.Release|Any CPU.ActiveCfg = Release|Any CPU
		{079B9426-9230-468E-8D02-2A0DE07C7237}.Release|Any CPU.Build.0 = Release|Any CPU
		{C670BE03-6397-4AC0-9914-AD1BB679778F}.Debug|Any CPU.ActiveCfg = Debug|Any CPU
		{C670BE03-6397-4AC0-9914-AD1BB679778F}.Debug|Any CPU.Build.0 = Debug|Any CPU
		{C670BE03-6397-4AC0-9914-AD1BB679778F}.Release|Any CPU.ActiveCfg = Release|Any CPU
		{C670BE03-6397-4AC0-9914-AD1BB679778F}.Release|Any CPU.Build.0 = Release|Any CPU
		{2BD0C616-7126-4E12-A37D-A08B04BBF5E9}.Debug|Any CPU.ActiveCfg = Debug|Any CPU
		{2BD0C616-7126-4E12-A37D-A08B04BBF5E9}.Debug|Any CPU.Build.0 = Debug|Any CPU
		{2BD0C616-7126-4E12-A37D-A08B04BBF5E9}.Release|Any CPU.ActiveCfg = Release|Any CPU
		{2BD0C616-7126-4E12-A37D-A08B04BBF5E9}.Release|Any CPU.Build.0 = Release|Any CPU
		{F7BBF46C-7EA9-44FE-9DF0-43FA60B7CB3C}.Debug|Any CPU.ActiveCfg = Debug|Any CPU
		{F7BBF46C-7EA9-44FE-9DF0-43FA60B7CB3C}.Debug|Any CPU.Build.0 = Debug|Any CPU
		{F7BBF46C-7EA9-44FE-9DF0-43FA60B7CB3C}.Release|Any CPU.ActiveCfg = Release|Any CPU
		{F7BBF46C-7EA9-44FE-9DF0-43FA60B7CB3C}.Release|Any CPU.Build.0 = Release|Any CPU
		{4562597A-EBAA-4CD4-9F89-AD45AB08FF56}.Debug|Any CPU.ActiveCfg = Debug|Any CPU
		{4562597A-EBAA-4CD4-9F89-AD45AB08FF56}.Debug|Any CPU.Build.0 = Debug|Any CPU
		{4562597A-EBAA-4CD4-9F89-AD45AB08FF56}.Release|Any CPU.ActiveCfg = Release|Any CPU
		{4562597A-EBAA-4CD4-9F89-AD45AB08FF56}.Release|Any CPU.Build.0 = Release|Any CPU
		{D4594A0C-B02F-469D-9521-F0BDD5A30FC0}.Debug|Any CPU.ActiveCfg = Debug|Any CPU
		{D4594A0C-B02F-469D-9521-F0BDD5A30FC0}.Debug|Any CPU.Build.0 = Debug|Any CPU
		{D4594A0C-B02F-469D-9521-F0BDD5A30FC0}.Release|Any CPU.ActiveCfg = Release|Any CPU
		{D4594A0C-B02F-469D-9521-F0BDD5A30FC0}.Release|Any CPU.Build.0 = Release|Any CPU
		{EBD761ED-96D2-44F6-9099-9D376CE7181F}.Debug|Any CPU.ActiveCfg = Debug|Any CPU
		{EBD761ED-96D2-44F6-9099-9D376CE7181F}.Debug|Any CPU.Build.0 = Debug|Any CPU
		{EBD761ED-96D2-44F6-9099-9D376CE7181F}.Release|Any CPU.ActiveCfg = Release|Any CPU
		{EBD761ED-96D2-44F6-9099-9D376CE7181F}.Release|Any CPU.Build.0 = Release|Any CPU
		{A9D41FE5-9FB7-4640-ADFF-217BA39F1CE3}.Debug|Any CPU.ActiveCfg = Debug|Any CPU
		{A9D41FE5-9FB7-4640-ADFF-217BA39F1CE3}.Debug|Any CPU.Build.0 = Debug|Any CPU
		{A9D41FE5-9FB7-4640-ADFF-217BA39F1CE3}.Release|Any CPU.ActiveCfg = Release|Any CPU
		{A9D41FE5-9FB7-4640-ADFF-217BA39F1CE3}.Release|Any CPU.Build.0 = Release|Any CPU
		{B7227A5D-DDFF-4E18-B3FE-AC992A293D6A}.Debug|Any CPU.ActiveCfg = Debug|Any CPU
		{B7227A5D-DDFF-4E18-B3FE-AC992A293D6A}.Debug|Any CPU.Build.0 = Debug|Any CPU
		{B7227A5D-DDFF-4E18-B3FE-AC992A293D6A}.Release|Any CPU.ActiveCfg = Release|Any CPU
		{B7227A5D-DDFF-4E18-B3FE-AC992A293D6A}.Release|Any CPU.Build.0 = Release|Any CPU
		{0669C921-3181-4ABD-A132-C8B0A772396F}.Debug|Any CPU.ActiveCfg = Debug|Any CPU
		{0669C921-3181-4ABD-A132-C8B0A772396F}.Debug|Any CPU.Build.0 = Debug|Any CPU
		{0669C921-3181-4ABD-A132-C8B0A772396F}.Release|Any CPU.ActiveCfg = Release|Any CPU
		{0669C921-3181-4ABD-A132-C8B0A772396F}.Release|Any CPU.Build.0 = Release|Any CPU
		{C3011998-0672-4F76-955F-2C25CBE71A62}.Debug|Any CPU.ActiveCfg = Debug|Any CPU
		{C3011998-0672-4F76-955F-2C25CBE71A62}.Debug|Any CPU.Build.0 = Debug|Any CPU
		{C3011998-0672-4F76-955F-2C25CBE71A62}.Release|Any CPU.ActiveCfg = Release|Any CPU
		{C3011998-0672-4F76-955F-2C25CBE71A62}.Release|Any CPU.Build.0 = Release|Any CPU
		{077ADE2E-0B69-4359-A3F0-D69DB720689A}.Debug|Any CPU.ActiveCfg = Debug|Any CPU
		{077ADE2E-0B69-4359-A3F0-D69DB720689A}.Debug|Any CPU.Build.0 = Debug|Any CPU
		{077ADE2E-0B69-4359-A3F0-D69DB720689A}.Release|Any CPU.ActiveCfg = Release|Any CPU
		{077ADE2E-0B69-4359-A3F0-D69DB720689A}.Release|Any CPU.Build.0 = Release|Any CPU
		{845EE2FF-6BF3-44A2-BA96-9617360A815F}.Debug|Any CPU.ActiveCfg = Debug|Any CPU
		{845EE2FF-6BF3-44A2-BA96-9617360A815F}.Debug|Any CPU.Build.0 = Debug|Any CPU
		{845EE2FF-6BF3-44A2-BA96-9617360A815F}.Release|Any CPU.ActiveCfg = Release|Any CPU
		{845EE2FF-6BF3-44A2-BA96-9617360A815F}.Release|Any CPU.Build.0 = Release|Any CPU
		{587362CD-AE24-4A4C-B434-34ECE66DB397}.Debug|Any CPU.ActiveCfg = Debug|Any CPU
		{587362CD-AE24-4A4C-B434-34ECE66DB397}.Debug|Any CPU.Build.0 = Debug|Any CPU
		{587362CD-AE24-4A4C-B434-34ECE66DB397}.Release|Any CPU.ActiveCfg = Release|Any CPU
		{587362CD-AE24-4A4C-B434-34ECE66DB397}.Release|Any CPU.Build.0 = Release|Any CPU
		{DB88DADE-90F2-4250-8092-6C35F3582AE0}.Debug|Any CPU.ActiveCfg = Debug|Any CPU
		{DB88DADE-90F2-4250-8092-6C35F3582AE0}.Debug|Any CPU.Build.0 = Debug|Any CPU
		{DB88DADE-90F2-4250-8092-6C35F3582AE0}.Release|Any CPU.ActiveCfg = Release|Any CPU
		{DB88DADE-90F2-4250-8092-6C35F3582AE0}.Release|Any CPU.Build.0 = Release|Any CPU
		{9212E4DF-87A4-40B3-A1E7-858C0A0F4DC3}.Debug|Any CPU.ActiveCfg = Debug|Any CPU
		{9212E4DF-87A4-40B3-A1E7-858C0A0F4DC3}.Debug|Any CPU.Build.0 = Debug|Any CPU
		{9212E4DF-87A4-40B3-A1E7-858C0A0F4DC3}.Release|Any CPU.ActiveCfg = Release|Any CPU
		{9212E4DF-87A4-40B3-A1E7-858C0A0F4DC3}.Release|Any CPU.Build.0 = Release|Any CPU
		{14F71536-7EED-4F35-A6CB-3BE629795873}.Debug|Any CPU.ActiveCfg = Debug|Any CPU
		{14F71536-7EED-4F35-A6CB-3BE629795873}.Debug|Any CPU.Build.0 = Debug|Any CPU
		{14F71536-7EED-4F35-A6CB-3BE629795873}.Release|Any CPU.ActiveCfg = Release|Any CPU
		{14F71536-7EED-4F35-A6CB-3BE629795873}.Release|Any CPU.Build.0 = Release|Any CPU
		{ACB6488C-BB75-4707-8D52-760402CEF9E6}.Debug|Any CPU.ActiveCfg = Debug|Any CPU
		{ACB6488C-BB75-4707-8D52-760402CEF9E6}.Debug|Any CPU.Build.0 = Debug|Any CPU
		{ACB6488C-BB75-4707-8D52-760402CEF9E6}.Release|Any CPU.ActiveCfg = Release|Any CPU
		{ACB6488C-BB75-4707-8D52-760402CEF9E6}.Release|Any CPU.Build.0 = Release|Any CPU
		{FBA5F2B1-6BDD-4EC0-9476-00F95C151952}.Debug|Any CPU.ActiveCfg = Debug|Any CPU
		{FBA5F2B1-6BDD-4EC0-9476-00F95C151952}.Debug|Any CPU.Build.0 = Debug|Any CPU
		{FBA5F2B1-6BDD-4EC0-9476-00F95C151952}.Release|Any CPU.ActiveCfg = Release|Any CPU
		{FBA5F2B1-6BDD-4EC0-9476-00F95C151952}.Release|Any CPU.Build.0 = Release|Any CPU
		{A45A6FCB-485D-4D20-AB30-08A72FDEFFCB}.Debug|Any CPU.ActiveCfg = Debug|Any CPU
		{A45A6FCB-485D-4D20-AB30-08A72FDEFFCB}.Debug|Any CPU.Build.0 = Debug|Any CPU
		{A45A6FCB-485D-4D20-AB30-08A72FDEFFCB}.Release|Any CPU.ActiveCfg = Release|Any CPU
		{A45A6FCB-485D-4D20-AB30-08A72FDEFFCB}.Release|Any CPU.Build.0 = Release|Any CPU
		{2F99336C-48D4-4454-9877-15669E68B2BD}.Debug|Any CPU.ActiveCfg = Debug|Any CPU
		{2F99336C-48D4-4454-9877-15669E68B2BD}.Debug|Any CPU.Build.0 = Debug|Any CPU
		{2F99336C-48D4-4454-9877-15669E68B2BD}.Release|Any CPU.ActiveCfg = Release|Any CPU
		{2F99336C-48D4-4454-9877-15669E68B2BD}.Release|Any CPU.Build.0 = Release|Any CPU
		{BCDBF137-E38B-40E8-8BAD-651D4D097032}.Debug|Any CPU.ActiveCfg = Debug|Any CPU
		{BCDBF137-E38B-40E8-8BAD-651D4D097032}.Debug|Any CPU.Build.0 = Debug|Any CPU
		{BCDBF137-E38B-40E8-8BAD-651D4D097032}.Release|Any CPU.ActiveCfg = Release|Any CPU
		{BCDBF137-E38B-40E8-8BAD-651D4D097032}.Release|Any CPU.Build.0 = Release|Any CPU
		{42C3E4B4-656F-4087-82B4-2048713D1BBC}.Debug|Any CPU.ActiveCfg = Debug|Any CPU
		{42C3E4B4-656F-4087-82B4-2048713D1BBC}.Debug|Any CPU.Build.0 = Debug|Any CPU
		{42C3E4B4-656F-4087-82B4-2048713D1BBC}.Release|Any CPU.ActiveCfg = Release|Any CPU
		{42C3E4B4-656F-4087-82B4-2048713D1BBC}.Release|Any CPU.Build.0 = Release|Any CPU
		{8F75978E-966D-47BF-8948-42B886ED1BD9}.Debug|Any CPU.ActiveCfg = Debug|Any CPU
		{8F75978E-966D-47BF-8948-42B886ED1BD9}.Debug|Any CPU.Build.0 = Debug|Any CPU
		{8F75978E-966D-47BF-8948-42B886ED1BD9}.Release|Any CPU.ActiveCfg = Release|Any CPU
		{8F75978E-966D-47BF-8948-42B886ED1BD9}.Release|Any CPU.Build.0 = Release|Any CPU
	EndGlobalSection
	GlobalSection(SolutionProperties) = preSolution
		HideSolutionNode = FALSE
	EndGlobalSection
	GlobalSection(NestedProjects) = preSolution
		{562B5F7B-6229-4019-BFA9-CD7FD4773081} = {EBED32C4-05FB-4996-BCFF-5DC1EF43CA21}
		{079B9426-9230-468E-8D02-2A0DE07C7237} = {8B7992B9-F570-4E74-8AE4-F9436BD7CBEF}
		{4562597A-EBAA-4CD4-9F89-AD45AB08FF56} = {D1EDDE24-5DC8-407E-BE37-77AD0B75759D}
		{D4594A0C-B02F-469D-9521-F0BDD5A30FC0} = {F33E4994-452C-4C09-9FB5-C2E17D0884B6}
		{EBD761ED-96D2-44F6-9099-9D376CE7181F} = {F33E4994-452C-4C09-9FB5-C2E17D0884B6}
		{A9D41FE5-9FB7-4640-ADFF-217BA39F1CE3} = {F33E4994-452C-4C09-9FB5-C2E17D0884B6}
		{B7227A5D-DDFF-4E18-B3FE-AC992A293D6A} = {8B7992B9-F570-4E74-8AE4-F9436BD7CBEF}
		{0669C921-3181-4ABD-A132-C8B0A772396F} = {EBED32C4-05FB-4996-BCFF-5DC1EF43CA21}
		{C3011998-0672-4F76-955F-2C25CBE71A62} = {F33E4994-452C-4C09-9FB5-C2E17D0884B6}
		{077ADE2E-0B69-4359-A3F0-D69DB720689A} = {D1EDDE24-5DC8-407E-BE37-77AD0B75759D}
		{845EE2FF-6BF3-44A2-BA96-9617360A815F} = {F33E4994-452C-4C09-9FB5-C2E17D0884B6}
		{587362CD-AE24-4A4C-B434-34ECE66DB397} = {F33E4994-452C-4C09-9FB5-C2E17D0884B6}
		{DB88DADE-90F2-4250-8092-6C35F3582AE0} = {F33E4994-452C-4C09-9FB5-C2E17D0884B6}
		{9212E4DF-87A4-40B3-A1E7-858C0A0F4DC3} = {8B7992B9-F570-4E74-8AE4-F9436BD7CBEF}
		{14F71536-7EED-4F35-A6CB-3BE629795873} = {8B7992B9-F570-4E74-8AE4-F9436BD7CBEF}
		{ACB6488C-BB75-4707-8D52-760402CEF9E6} = {D1EDDE24-5DC8-407E-BE37-77AD0B75759D}
		{FBA5F2B1-6BDD-4EC0-9476-00F95C151952} = {F33E4994-452C-4C09-9FB5-C2E17D0884B6}
		{A45A6FCB-485D-4D20-AB30-08A72FDEFFCB} = {F33E4994-452C-4C09-9FB5-C2E17D0884B6}
		{2F99336C-48D4-4454-9877-15669E68B2BD} = {8B7992B9-F570-4E74-8AE4-F9436BD7CBEF}
		{BCDBF137-E38B-40E8-8BAD-651D4D097032} = {8B7992B9-F570-4E74-8AE4-F9436BD7CBEF}
		{42C3E4B4-656F-4087-82B4-2048713D1BBC} = {8B7992B9-F570-4E74-8AE4-F9436BD7CBEF}
		{8F75978E-966D-47BF-8948-42B886ED1BD9} = {8B7992B9-F570-4E74-8AE4-F9436BD7CBEF}
	EndGlobalSection
	GlobalSection(ExtensibilityGlobals) = postSolution
		SolutionGuid = {BFF7B9CC-46C9-4547-9FA1-D17E2A89613C}
	EndGlobalSection
EndGlobal
