
Microsoft Visual Studio Solution File, Format Version 12.00
# Visual Studio Version 16
VisualStudioVersion = 16.0.29123.89
MinimumVisualStudioVersion = 10.0.40219.1
Project("{2150E333-8FDC-42A3-9474-1A3956D46DE8}") = "EF Core Power Tools", "EF Core Power Tools", "{971DE5A9-EEC3-42AB-A00B-5AF8DD21BD27}"
EndProject
Project("{FAE04EC0-301F-11D3-BF4B-00C04F79EFBC}") = "ReverseEngineer20", "ReverseEngineer20\ReverseEngineer20.csproj", "{4C0F2979-FCD9-4E93-8E4F-2A43055D42FE}"
EndProject
Project("{FAE04EC0-301F-11D3-BF4B-00C04F79EFBC}") = "UnitTests", "UnitTests\UnitTests.csproj", "{562B5F7B-6229-4019-BFA9-CD7FD4773081}"
EndProject
Project("{9A19103F-16F7-4668-BE54-9A1E7A4F7556}") = "ErikEJ.EntityFrameworkCore.DgmlBuilder", "ErikEJ.EntityFrameworkCore.DgmlBuilder\ErikEJ.EntityFrameworkCore.DgmlBuilder.csproj", "{079B9426-9230-468E-8D02-2A0DE07C7237}"
EndProject
Project("{FAE04EC0-301F-11D3-BF4B-00C04F79EFBC}") = "EFCorePowerTools", "EFCorePowerTools\EFCorePowerTools.csproj", "{C670BE03-6397-4AC0-9914-AD1BB679778F}"
EndProject
Project("{2150E333-8FDC-42A3-9474-1A3956D46DE8}") = "Modelling", "Modelling", "{D1EDDE24-5DC8-407E-BE37-77AD0B75759D}"
EndProject
Project("{2150E333-8FDC-42A3-9474-1A3956D46DE8}") = "RevEng", "RevEng", "{F33E4994-452C-4C09-9FB5-C2E17D0884B6}"
EndProject
Project("{FAE04EC0-301F-11D3-BF4B-00C04F79EFBC}") = "DacFxStronglyTypedModel", "DacFxStronglyTypedModel\DacFxStronglyTypedModel.csproj", "{832ECF86-C071-4628-A8B7-2529D8A7BDBC}"
EndProject
Project("{FAE04EC0-301F-11D3-BF4B-00C04F79EFBC}") = "SqlCeToolbox.DDEX4", "SqlCeToolbox.DDEX4\SqlCeToolbox.DDEX4.csproj", "{42939E33-FC72-459C-9403-B62AB074635E}"
EndProject
Project("{FAE04EC0-301F-11D3-BF4B-00C04F79EFBC}") = "efpt21", "efpt21\efpt21.csproj", "{2E80D0C7-A15A-4B9C-9DC3-D9130F6A878C}"
EndProject
Project("{9A19103F-16F7-4668-BE54-9A1E7A4F7556}") = "efpt21.core", "efpt21.core\efpt21.core.csproj", "{04C4D2D7-76B9-4397-8EE6-643E041E8CA6}"
EndProject
Project("{9A19103F-16F7-4668-BE54-9A1E7A4F7556}") = "EFCorePowerTools.Shared", "EFCorePowerTools.Shared\EFCorePowerTools.Shared.csproj", "{2BD0C616-7126-4E12-A37D-A08B04BBF5E9}"
EndProject
Project("{9A19103F-16F7-4668-BE54-9A1E7A4F7556}") = "EFCorePowerTools.BLL", "EFCorePowerTools.BLL\EFCorePowerTools.BLL.csproj", "{F7BBF46C-7EA9-44FE-9DF0-43FA60B7CB3C}"
EndProject
Project("{FAE04EC0-301F-11D3-BF4B-00C04F79EFBC}") = "efpt22", "efpt22\efpt22.csproj", "{CE04112E-C4F1-45A4-9844-A062B4D42968}"
EndProject
Project("{9A19103F-16F7-4668-BE54-9A1E7A4F7556}") = "efpt22.core", "efpt22.core\efpt22.core.csproj", "{128204B1-F9C2-4862-9B2F-25E7AAC60FBA}"
EndProject
Project("{9A19103F-16F7-4668-BE54-9A1E7A4F7556}") = "efpt30.core", "efpt30.core\efpt30.core.csproj", "{4562597A-EBAA-4CD4-9F89-AD45AB08FF56}"
EndProject
Global
	GlobalSection(SolutionConfigurationPlatforms) = preSolution
		Debug|Any CPU = Debug|Any CPU
		Debug|x86 = Debug|x86
		Release|Any CPU = Release|Any CPU
		Release|x86 = Release|x86
	EndGlobalSection
	GlobalSection(ProjectConfigurationPlatforms) = postSolution
		{4C0F2979-FCD9-4E93-8E4F-2A43055D42FE}.Debug|Any CPU.ActiveCfg = Debug|x86
		{4C0F2979-FCD9-4E93-8E4F-2A43055D42FE}.Debug|x86.ActiveCfg = Debug|x86
		{4C0F2979-FCD9-4E93-8E4F-2A43055D42FE}.Debug|x86.Build.0 = Debug|x86
		{4C0F2979-FCD9-4E93-8E4F-2A43055D42FE}.Release|Any CPU.ActiveCfg = Release|x86
		{4C0F2979-FCD9-4E93-8E4F-2A43055D42FE}.Release|x86.ActiveCfg = Release|x86
		{4C0F2979-FCD9-4E93-8E4F-2A43055D42FE}.Release|x86.Build.0 = Release|x86
		{562B5F7B-6229-4019-BFA9-CD7FD4773081}.Debug|Any CPU.ActiveCfg = Debug|x86
		{562B5F7B-6229-4019-BFA9-CD7FD4773081}.Debug|x86.ActiveCfg = Debug|x86
		{562B5F7B-6229-4019-BFA9-CD7FD4773081}.Debug|x86.Build.0 = Debug|x86
		{562B5F7B-6229-4019-BFA9-CD7FD4773081}.Release|Any CPU.ActiveCfg = Release|x86
		{562B5F7B-6229-4019-BFA9-CD7FD4773081}.Release|x86.ActiveCfg = Release|x86
		{562B5F7B-6229-4019-BFA9-CD7FD4773081}.Release|x86.Build.0 = Release|x86
		{079B9426-9230-468E-8D02-2A0DE07C7237}.Debug|Any CPU.ActiveCfg = Debug|Any CPU
		{079B9426-9230-468E-8D02-2A0DE07C7237}.Debug|Any CPU.Build.0 = Debug|Any CPU
		{079B9426-9230-468E-8D02-2A0DE07C7237}.Debug|x86.ActiveCfg = Debug|Any CPU
		{079B9426-9230-468E-8D02-2A0DE07C7237}.Debug|x86.Build.0 = Debug|Any CPU
		{079B9426-9230-468E-8D02-2A0DE07C7237}.Release|Any CPU.ActiveCfg = Release|Any CPU
		{079B9426-9230-468E-8D02-2A0DE07C7237}.Release|Any CPU.Build.0 = Release|Any CPU
		{079B9426-9230-468E-8D02-2A0DE07C7237}.Release|x86.ActiveCfg = Release|Any CPU
		{C670BE03-6397-4AC0-9914-AD1BB679778F}.Debug|Any CPU.ActiveCfg = Debug|x86
		{C670BE03-6397-4AC0-9914-AD1BB679778F}.Debug|x86.ActiveCfg = Debug|x86
		{C670BE03-6397-4AC0-9914-AD1BB679778F}.Debug|x86.Build.0 = Debug|x86
		{C670BE03-6397-4AC0-9914-AD1BB679778F}.Release|Any CPU.ActiveCfg = Release|x86
		{C670BE03-6397-4AC0-9914-AD1BB679778F}.Release|x86.ActiveCfg = Release|x86
		{C670BE03-6397-4AC0-9914-AD1BB679778F}.Release|x86.Build.0 = Release|x86
		{832ECF86-C071-4628-A8B7-2529D8A7BDBC}.Debug|Any CPU.ActiveCfg = Debug|x86
		{832ECF86-C071-4628-A8B7-2529D8A7BDBC}.Debug|x86.ActiveCfg = Debug|x86
		{832ECF86-C071-4628-A8B7-2529D8A7BDBC}.Debug|x86.Build.0 = Debug|x86
		{832ECF86-C071-4628-A8B7-2529D8A7BDBC}.Release|Any CPU.ActiveCfg = Release|x86
		{832ECF86-C071-4628-A8B7-2529D8A7BDBC}.Release|x86.ActiveCfg = Release|x86
		{832ECF86-C071-4628-A8B7-2529D8A7BDBC}.Release|x86.Build.0 = Release|x86
		{42939E33-FC72-459C-9403-B62AB074635E}.Debug|Any CPU.ActiveCfg = Debug|x86
		{42939E33-FC72-459C-9403-B62AB074635E}.Debug|x86.ActiveCfg = Debug|x86
		{42939E33-FC72-459C-9403-B62AB074635E}.Debug|x86.Build.0 = Debug|x86
		{42939E33-FC72-459C-9403-B62AB074635E}.Release|Any CPU.ActiveCfg = Release|x86
		{42939E33-FC72-459C-9403-B62AB074635E}.Release|x86.ActiveCfg = Release|x86
		{42939E33-FC72-459C-9403-B62AB074635E}.Release|x86.Build.0 = Release|x86
		{2E80D0C7-A15A-4B9C-9DC3-D9130F6A878C}.Debug|Any CPU.ActiveCfg = Debug|x86
		{2E80D0C7-A15A-4B9C-9DC3-D9130F6A878C}.Debug|x86.ActiveCfg = Debug|x86
		{2E80D0C7-A15A-4B9C-9DC3-D9130F6A878C}.Debug|x86.Build.0 = Debug|x86
		{2E80D0C7-A15A-4B9C-9DC3-D9130F6A878C}.Release|Any CPU.ActiveCfg = Release|x86
		{2E80D0C7-A15A-4B9C-9DC3-D9130F6A878C}.Release|x86.ActiveCfg = Release|x86
		{04C4D2D7-76B9-4397-8EE6-643E041E8CA6}.Debug|Any CPU.ActiveCfg = Debug|Any CPU
		{04C4D2D7-76B9-4397-8EE6-643E041E8CA6}.Debug|Any CPU.Build.0 = Debug|Any CPU
		{04C4D2D7-76B9-4397-8EE6-643E041E8CA6}.Debug|x86.ActiveCfg = Debug|Any CPU
		{04C4D2D7-76B9-4397-8EE6-643E041E8CA6}.Debug|x86.Build.0 = Debug|Any CPU
		{04C4D2D7-76B9-4397-8EE6-643E041E8CA6}.Release|Any CPU.ActiveCfg = Release|Any CPU
		{04C4D2D7-76B9-4397-8EE6-643E041E8CA6}.Release|Any CPU.Build.0 = Release|Any CPU
		{04C4D2D7-76B9-4397-8EE6-643E041E8CA6}.Release|x86.ActiveCfg = Release|Any CPU
		{2BD0C616-7126-4E12-A37D-A08B04BBF5E9}.Debug|Any CPU.ActiveCfg = Debug|Any CPU
		{2BD0C616-7126-4E12-A37D-A08B04BBF5E9}.Debug|Any CPU.Build.0 = Debug|Any CPU
		{2BD0C616-7126-4E12-A37D-A08B04BBF5E9}.Debug|x86.ActiveCfg = Debug|Any CPU
		{2BD0C616-7126-4E12-A37D-A08B04BBF5E9}.Debug|x86.Build.0 = Debug|Any CPU
		{2BD0C616-7126-4E12-A37D-A08B04BBF5E9}.Release|Any CPU.ActiveCfg = Release|Any CPU
		{2BD0C616-7126-4E12-A37D-A08B04BBF5E9}.Release|Any CPU.Build.0 = Release|Any CPU
		{2BD0C616-7126-4E12-A37D-A08B04BBF5E9}.Release|x86.ActiveCfg = Release|x86
		{2BD0C616-7126-4E12-A37D-A08B04BBF5E9}.Release|x86.Build.0 = Release|x86
		{F7BBF46C-7EA9-44FE-9DF0-43FA60B7CB3C}.Debug|Any CPU.ActiveCfg = Debug|Any CPU
		{F7BBF46C-7EA9-44FE-9DF0-43FA60B7CB3C}.Debug|Any CPU.Build.0 = Debug|Any CPU
		{F7BBF46C-7EA9-44FE-9DF0-43FA60B7CB3C}.Debug|x86.ActiveCfg = Debug|Any CPU
		{F7BBF46C-7EA9-44FE-9DF0-43FA60B7CB3C}.Debug|x86.Build.0 = Debug|Any CPU
		{F7BBF46C-7EA9-44FE-9DF0-43FA60B7CB3C}.Release|Any CPU.ActiveCfg = Release|Any CPU
		{F7BBF46C-7EA9-44FE-9DF0-43FA60B7CB3C}.Release|Any CPU.Build.0 = Release|Any CPU
		{F7BBF46C-7EA9-44FE-9DF0-43FA60B7CB3C}.Release|x86.ActiveCfg = Release|x86
		{F7BBF46C-7EA9-44FE-9DF0-43FA60B7CB3C}.Release|x86.Build.0 = Release|x86
		{CE04112E-C4F1-45A4-9844-A062B4D42968}.Debug|Any CPU.ActiveCfg = Debug|x86
		{CE04112E-C4F1-45A4-9844-A062B4D42968}.Debug|x86.ActiveCfg = Debug|x86
		{CE04112E-C4F1-45A4-9844-A062B4D42968}.Debug|x86.Build.0 = Debug|x86
		{CE04112E-C4F1-45A4-9844-A062B4D42968}.Release|Any CPU.ActiveCfg = Release|x86
		{CE04112E-C4F1-45A4-9844-A062B4D42968}.Release|x86.ActiveCfg = Release|x86
		{128204B1-F9C2-4862-9B2F-25E7AAC60FBA}.Debug|Any CPU.ActiveCfg = Debug|Any CPU
		{128204B1-F9C2-4862-9B2F-25E7AAC60FBA}.Debug|Any CPU.Build.0 = Debug|Any CPU
		{128204B1-F9C2-4862-9B2F-25E7AAC60FBA}.Debug|x86.ActiveCfg = Debug|Any CPU
		{128204B1-F9C2-4862-9B2F-25E7AAC60FBA}.Debug|x86.Build.0 = Debug|Any CPU
		{128204B1-F9C2-4862-9B2F-25E7AAC60FBA}.Release|Any CPU.ActiveCfg = Release|Any CPU
		{128204B1-F9C2-4862-9B2F-25E7AAC60FBA}.Release|Any CPU.Build.0 = Release|Any CPU
		{128204B1-F9C2-4862-9B2F-25E7AAC60FBA}.Release|x86.ActiveCfg = Release|Any CPU
		{4562597A-EBAA-4CD4-9F89-AD45AB08FF56}.Debug|Any CPU.ActiveCfg = Debug|Any CPU
		{4562597A-EBAA-4CD4-9F89-AD45AB08FF56}.Debug|Any CPU.Build.0 = Debug|Any CPU
		{4562597A-EBAA-4CD4-9F89-AD45AB08FF56}.Debug|x86.ActiveCfg = Debug|Any CPU
		{4562597A-EBAA-4CD4-9F89-AD45AB08FF56}.Debug|x86.Build.0 = Debug|Any CPU
		{4562597A-EBAA-4CD4-9F89-AD45AB08FF56}.Release|Any CPU.ActiveCfg = Release|Any CPU
		{4562597A-EBAA-4CD4-9F89-AD45AB08FF56}.Release|Any CPU.Build.0 = Release|Any CPU
		{4562597A-EBAA-4CD4-9F89-AD45AB08FF56}.Release|x86.ActiveCfg = Release|Any CPU
	EndGlobalSection
	GlobalSection(SolutionProperties) = preSolution
		HideSolutionNode = FALSE
	EndGlobalSection
	GlobalSection(NestedProjects) = preSolution
		{4C0F2979-FCD9-4E93-8E4F-2A43055D42FE} = {F33E4994-452C-4C09-9FB5-C2E17D0884B6}
		{562B5F7B-6229-4019-BFA9-CD7FD4773081} = {971DE5A9-EEC3-42AB-A00B-5AF8DD21BD27}
		{079B9426-9230-468E-8D02-2A0DE07C7237} = {D1EDDE24-5DC8-407E-BE37-77AD0B75759D}
		{C670BE03-6397-4AC0-9914-AD1BB679778F} = {971DE5A9-EEC3-42AB-A00B-5AF8DD21BD27}
		{D1EDDE24-5DC8-407E-BE37-77AD0B75759D} = {971DE5A9-EEC3-42AB-A00B-5AF8DD21BD27}
		{F33E4994-452C-4C09-9FB5-C2E17D0884B6} = {971DE5A9-EEC3-42AB-A00B-5AF8DD21BD27}
		{832ECF86-C071-4628-A8B7-2529D8A7BDBC} = {F33E4994-452C-4C09-9FB5-C2E17D0884B6}
		{42939E33-FC72-459C-9403-B62AB074635E} = {971DE5A9-EEC3-42AB-A00B-5AF8DD21BD27}
		{2E80D0C7-A15A-4B9C-9DC3-D9130F6A878C} = {D1EDDE24-5DC8-407E-BE37-77AD0B75759D}
		{04C4D2D7-76B9-4397-8EE6-643E041E8CA6} = {D1EDDE24-5DC8-407E-BE37-77AD0B75759D}
		{2BD0C616-7126-4E12-A37D-A08B04BBF5E9} = {971DE5A9-EEC3-42AB-A00B-5AF8DD21BD27}
		{F7BBF46C-7EA9-44FE-9DF0-43FA60B7CB3C} = {971DE5A9-EEC3-42AB-A00B-5AF8DD21BD27}
		{CE04112E-C4F1-45A4-9844-A062B4D42968} = {D1EDDE24-5DC8-407E-BE37-77AD0B75759D}
		{128204B1-F9C2-4862-9B2F-25E7AAC60FBA} = {D1EDDE24-5DC8-407E-BE37-77AD0B75759D}
		{4562597A-EBAA-4CD4-9F89-AD45AB08FF56} = {D1EDDE24-5DC8-407E-BE37-77AD0B75759D}
	EndGlobalSection
	GlobalSection(ExtensibilityGlobals) = postSolution
		SolutionGuid = {BFF7B9CC-46C9-4547-9FA1-D17E2A89613C}
	EndGlobalSection
EndGlobal
