
Microsoft Visual Studio Solution File, Format Version 12.00
# Visual Studio Version 17
VisualStudioVersion = 17.0.31710.8
MinimumVisualStudioVersion = 10.0.40219.1
Project("{FAE04EC0-301F-11D3-BF4B-00C04F79EFBC}") = "UnitTests", "GUI\UnitTests\UnitTests.csproj", "{562B5F7B-6229-4019-BFA9-CD7FD4773081}"
EndProject
Project("{9A19103F-16F7-4668-BE54-9A1E7A4F7556}") = "ErikEJ.EntityFrameworkCore.DgmlBuilder", "Nupkg\ErikEJ.EntityFrameworkCore.DgmlBuilder\ErikEJ.EntityFrameworkCore.DgmlBuilder.csproj", "{079B9426-9230-468E-8D02-2A0DE07C7237}"
EndProject
Project("{FAE04EC0-301F-11D3-BF4B-00C04F79EFBC}") = "EFCorePowerTools", "GUI\EFCorePowerTools\EFCorePowerTools.csproj", "{C670BE03-6397-4AC0-9914-AD1BB679778F}"
EndProject
Project("{2150E333-8FDC-42A3-9474-1A3956D46DE8}") = "Modelling", "Modelling", "{D1EDDE24-5DC8-407E-BE37-77AD0B75759D}"
EndProject
Project("{2150E333-8FDC-42A3-9474-1A3956D46DE8}") = "RevEng", "RevEng", "{F33E4994-452C-4C09-9FB5-C2E17D0884B6}"
EndProject
Project("{9A19103F-16F7-4668-BE54-9A1E7A4F7556}") = "RevEng.Common", "GUI\RevEng.Shared\RevEng.Common.csproj", "{D4594A0C-B02F-469D-9521-F0BDD5A30FC0}"
EndProject
Project("{2150E333-8FDC-42A3-9474-1A3956D46DE8}") = "Test", "Test", "{EBED32C4-05FB-4996-BCFF-5DC1EF43CA21}"
EndProject
Project("{9A19103F-16F7-4668-BE54-9A1E7A4F7556}") = "NUnitTestCore", "Core\NUnitTestCore\NUnitTestCore.csproj", "{0669C921-3181-4ABD-A132-C8B0A772396F}"
EndProject
Project("{9A19103F-16F7-4668-BE54-9A1E7A4F7556}") = "RevEng.Core.Abstractions", "Core\RevEng.Core.Abstractions\RevEng.Core.Abstractions.csproj", "{DB88DADE-90F2-4250-8092-6C35F3582AE0}"
EndProject
Project("{9A19103F-16F7-4668-BE54-9A1E7A4F7556}") = "efpt60.core", "Core\efpt60.core\efpt60.core.csproj", "{ACB6488C-BB75-4707-8D52-760402CEF9E6}"
EndProject
Project("{9A19103F-16F7-4668-BE54-9A1E7A4F7556}") = "efreveng60", "Core\efreveng60\efreveng60.csproj", "{FBA5F2B1-6BDD-4EC0-9476-00F95C151952}"
EndProject
Project("{D954291E-2A0B-460D-934E-DC6B0785DB48}") = "Shared", "GUI\Shared\Shared.shproj", "{9774F070-C59A-4FC2-93A5-90B7E7435FE8}"
EndProject
Project("{2150E333-8FDC-42A3-9474-1A3956D46DE8}") = "Packages", "Packages", "{8B7992B9-F570-4E74-8AE4-F9436BD7CBEF}"
EndProject
Project("{9A19103F-16F7-4668-BE54-9A1E7A4F7556}") = "ErikEJ.EntityFrameworkCore.6.SqlServer.SqlQuery", "Nupkg\ErikEJ.EntityFrameworkCore.6.SqlServer.SqlQuery\ErikEJ.EntityFrameworkCore.6.SqlServer.SqlQuery.csproj", "{8F75978E-966D-47BF-8948-42B886ED1BD9}"
EndProject
Project("{2150E333-8FDC-42A3-9474-1A3956D46DE8}") = "Build", "Build", "{ACD63354-5031-4116-AEE9-B38E9F687E2E}"
	ProjectSection(SolutionItems) = preProject
		.editorconfig = .editorconfig
		..\.github\workflows\cli-release.yml = ..\.github\workflows\cli-release.yml
		..\.github\workflows\cli-tool.yml = ..\.github\workflows\cli-tool.yml
		Directory.Build.Props = Directory.Build.Props
		NuGet.Config = NuGet.Config
		..\.github\workflows\nupkg-release.yml = ..\.github\workflows\nupkg-release.yml
		..\.github\workflows\vsix.yml = ..\.github\workflows\vsix.yml
	EndProjectSection
EndProject
Project("{9A19103F-16F7-4668-BE54-9A1E7A4F7556}") = "efpt70.core", "Core\efpt70.core\efpt70.core.csproj", "{19CB59D1-7AB7-472B-94B2-7A66E1E101DC}"
EndProject
Project("{9A19103F-16F7-4668-BE54-9A1E7A4F7556}") = "RevEng.Core.70", "Core\RevEng.Core.70\RevEng.Core.70.csproj", "{EEE8B90E-EF46-41D8-8ED0-3609129A178C}"
EndProject
Project("{9A19103F-16F7-4668-BE54-9A1E7A4F7556}") = "efreveng70", "Core\efreveng70\efreveng70.csproj", "{3D4F1757-D1DC-4DB8-928C-8F27CE125620}"
EndProject
Project("{9A19103F-16F7-4668-BE54-9A1E7A4F7556}") = "ErikEJ.EntityFrameworkCore.7.SqlServer.Dacpac", "Nupkg\ErikEJ.EntityFrameworkCore.7.SqlServer.Dacpac\ErikEJ.EntityFrameworkCore.7.SqlServer.Dacpac.csproj", "{C3EA8258-4A3B-49F5-8943-32D4610A2E61}"
EndProject
Project("{9A19103F-16F7-4668-BE54-9A1E7A4F7556}") = "ErikEJ.EntityFrameworkCore.7.SqlServer.SqlQuery", "Nupkg\ErikEJ.EntityFrameworkCore.7.SqlServer.SqlQuery\ErikEJ.EntityFrameworkCore.7.SqlServer.SqlQuery.csproj", "{5EFF99C3-6228-4FCC-AA93-138D8637A554}"
EndProject
Project("{FAE04EC0-301F-11D3-BF4B-00C04F79EFBC}") = "PowerToolsExtensionPack", "GUI\PowerToolsExtensionPack\PowerToolsExtensionPack.csproj", "{5F2D0F07-F822-4C9D-88CF-DBF0C0199B4F}"
EndProject
Project("{FAE04EC0-301F-11D3-BF4B-00C04F79EFBC}") = "WizardItemTemplate", "GUI\WizardItemTemplate\WizardItemTemplate.csproj", "{8C77EC98-0296-4DBE-8064-11C4B4315181}"
EndProject
Project("{9A19103F-16F7-4668-BE54-9A1E7A4F7556}") = "efpt70sc.core", "Core\efpt70sc.core\efpt70sc.core.csproj", "{C03961D7-0D1E-4176-BA04-BF4D44E41790}"
EndProject
Project("{9A19103F-16F7-4668-BE54-9A1E7A4F7556}") = "efcpt.6", "Core\efcpt.6\efcpt.6.csproj", "{64EF1EE1-CA06-4218-80A1-E33931119DDF}"
EndProject
Project("{9A19103F-16F7-4668-BE54-9A1E7A4F7556}") = "ErikEJ.EntityFrameworkCore.6.SqlServer.Dacpac", "Nupkg\ErikEJ.EntityFrameworkCore.SqlServer.Dacpac\ErikEJ.EntityFrameworkCore.6.SqlServer.Dacpac.csproj", "{198C02B0-2665-4151-A051-D685CA0D09E8}"
EndProject
Project("{9A19103F-16F7-4668-BE54-9A1E7A4F7556}") = "DacFxStrongTypedCore.161", "Core\DacFxStrongTypedCore.161\DacFxStrongTypedCore.161.csproj", "{F5032B12-DBC7-4B98-8324-C357A2C8CCE2}"
EndProject
Project("{9A19103F-16F7-4668-BE54-9A1E7A4F7556}") = "RevEng.Core.80", "Core\RevEng.Core.80\RevEng.Core.80.csproj", "{DFA5B4A2-0771-436E-B111-4CE3821D2697}"
EndProject
Project("{9A19103F-16F7-4668-BE54-9A1E7A4F7556}") = "efreveng80", "Core\efreveng80\efreveng80.csproj", "{50EA6A90-2AF3-4A5D-A374-B83BEBDBF7C2}"
EndProject
Project("{9A19103F-16F7-4668-BE54-9A1E7A4F7556}") = "efpt80.core", "Core\efpt80.core\efpt80.core.csproj", "{16D89786-81FB-4675-A78B-64352A7E4EB3}"
EndProject
Project("{9A19103F-16F7-4668-BE54-9A1E7A4F7556}") = "efcpt.8", "Core\efcpt.8\efcpt.8.csproj", "{373A097C-3781-4016-8F7E-1647B4830A77}"
EndProject
Project("{9A19103F-16F7-4668-BE54-9A1E7A4F7556}") = "efcpt.7", "Core\efcpt.7\efcpt.7.csproj", "{4130DB41-57DA-45B4-81C3-F56558165B32}"
EndProject
Project("{9A19103F-16F7-4668-BE54-9A1E7A4F7556}") = "ErikEJ.EntityFrameworkCore.8.SqlServer.Dacpac", "Nupkg\ErikEJ.EntityFrameworkCore.8.SqlServer.Dacpac\ErikEJ.EntityFrameworkCore.8.SqlServer.Dacpac.csproj", "{F0CC7C3F-4462-444F-8834-D6BF3FA1473D}"
EndProject
Project("{9A19103F-16F7-4668-BE54-9A1E7A4F7556}") = "RevEng.Core.60", "Core\RevEng.Core.60\RevEng.Core.60.csproj", "{CD04F13C-C52C-4D7E-92BF-E0462D83EF9F}"
EndProject
Global
	GlobalSection(SolutionConfigurationPlatforms) = preSolution
		Debug|Any CPU = Debug|Any CPU
		Release|Any CPU = Release|Any CPU
	EndGlobalSection
	GlobalSection(ProjectConfigurationPlatforms) = postSolution
		{562B5F7B-6229-4019-BFA9-CD7FD4773081}.Debug|Any CPU.ActiveCfg = Debug|Any CPU
		{562B5F7B-6229-4019-BFA9-CD7FD4773081}.Debug|Any CPU.Build.0 = Debug|Any CPU
		{562B5F7B-6229-4019-BFA9-CD7FD4773081}.Release|Any CPU.ActiveCfg = Release|Any CPU
		{562B5F7B-6229-4019-BFA9-CD7FD4773081}.Release|Any CPU.Build.0 = Release|Any CPU
		{079B9426-9230-468E-8D02-2A0DE07C7237}.Debug|Any CPU.ActiveCfg = Debug|Any CPU
		{079B9426-9230-468E-8D02-2A0DE07C7237}.Debug|Any CPU.Build.0 = Debug|Any CPU
		{079B9426-9230-468E-8D02-2A0DE07C7237}.Release|Any CPU.ActiveCfg = Release|Any CPU
		{C670BE03-6397-4AC0-9914-AD1BB679778F}.Debug|Any CPU.ActiveCfg = Debug|Any CPU
		{C670BE03-6397-4AC0-9914-AD1BB679778F}.Debug|Any CPU.Build.0 = Debug|Any CPU
		{C670BE03-6397-4AC0-9914-AD1BB679778F}.Release|Any CPU.ActiveCfg = Release|Any CPU
		{C670BE03-6397-4AC0-9914-AD1BB679778F}.Release|Any CPU.Build.0 = Release|Any CPU
		{D4594A0C-B02F-469D-9521-F0BDD5A30FC0}.Debug|Any CPU.ActiveCfg = Debug|Any CPU
		{D4594A0C-B02F-469D-9521-F0BDD5A30FC0}.Debug|Any CPU.Build.0 = Debug|Any CPU
		{D4594A0C-B02F-469D-9521-F0BDD5A30FC0}.Release|Any CPU.ActiveCfg = Release|Any CPU
		{D4594A0C-B02F-469D-9521-F0BDD5A30FC0}.Release|Any CPU.Build.0 = Release|Any CPU
		{0669C921-3181-4ABD-A132-C8B0A772396F}.Debug|Any CPU.ActiveCfg = Debug|Any CPU
		{0669C921-3181-4ABD-A132-C8B0A772396F}.Debug|Any CPU.Build.0 = Debug|Any CPU
		{0669C921-3181-4ABD-A132-C8B0A772396F}.Release|Any CPU.ActiveCfg = Release|Any CPU
		{DB88DADE-90F2-4250-8092-6C35F3582AE0}.Debug|Any CPU.ActiveCfg = Debug|Any CPU
		{DB88DADE-90F2-4250-8092-6C35F3582AE0}.Debug|Any CPU.Build.0 = Debug|Any CPU
		{DB88DADE-90F2-4250-8092-6C35F3582AE0}.Release|Any CPU.ActiveCfg = Release|Any CPU
		{ACB6488C-BB75-4707-8D52-760402CEF9E6}.Debug|Any CPU.ActiveCfg = Debug|Any CPU
		{ACB6488C-BB75-4707-8D52-760402CEF9E6}.Debug|Any CPU.Build.0 = Debug|Any CPU
		{ACB6488C-BB75-4707-8D52-760402CEF9E6}.Release|Any CPU.ActiveCfg = Release|Any CPU
		{FBA5F2B1-6BDD-4EC0-9476-00F95C151952}.Debug|Any CPU.ActiveCfg = Debug|Any CPU
		{FBA5F2B1-6BDD-4EC0-9476-00F95C151952}.Debug|Any CPU.Build.0 = Debug|Any CPU
		{FBA5F2B1-6BDD-4EC0-9476-00F95C151952}.Release|Any CPU.ActiveCfg = Release|Any CPU
		{8F75978E-966D-47BF-8948-42B886ED1BD9}.Debug|Any CPU.ActiveCfg = Debug|Any CPU
		{8F75978E-966D-47BF-8948-42B886ED1BD9}.Debug|Any CPU.Build.0 = Debug|Any CPU
		{8F75978E-966D-47BF-8948-42B886ED1BD9}.Release|Any CPU.ActiveCfg = Release|Any CPU
		{19CB59D1-7AB7-472B-94B2-7A66E1E101DC}.Debug|Any CPU.ActiveCfg = Debug|Any CPU
		{19CB59D1-7AB7-472B-94B2-7A66E1E101DC}.Debug|Any CPU.Build.0 = Debug|Any CPU
		{19CB59D1-7AB7-472B-94B2-7A66E1E101DC}.Release|Any CPU.ActiveCfg = Release|Any CPU
		{EEE8B90E-EF46-41D8-8ED0-3609129A178C}.Debug|Any CPU.ActiveCfg = Debug|Any CPU
		{EEE8B90E-EF46-41D8-8ED0-3609129A178C}.Debug|Any CPU.Build.0 = Debug|Any CPU
		{EEE8B90E-EF46-41D8-8ED0-3609129A178C}.Release|Any CPU.ActiveCfg = Release|Any CPU
		{3D4F1757-D1DC-4DB8-928C-8F27CE125620}.Debug|Any CPU.ActiveCfg = Debug|Any CPU
		{3D4F1757-D1DC-4DB8-928C-8F27CE125620}.Debug|Any CPU.Build.0 = Debug|Any CPU
		{3D4F1757-D1DC-4DB8-928C-8F27CE125620}.Release|Any CPU.ActiveCfg = Release|Any CPU
		{C3EA8258-4A3B-49F5-8943-32D4610A2E61}.Debug|Any CPU.ActiveCfg = Debug|Any CPU
		{C3EA8258-4A3B-49F5-8943-32D4610A2E61}.Debug|Any CPU.Build.0 = Debug|Any CPU
		{C3EA8258-4A3B-49F5-8943-32D4610A2E61}.Release|Any CPU.ActiveCfg = Release|Any CPU
		{5EFF99C3-6228-4FCC-AA93-138D8637A554}.Debug|Any CPU.ActiveCfg = Debug|Any CPU
		{5EFF99C3-6228-4FCC-AA93-138D8637A554}.Debug|Any CPU.Build.0 = Debug|Any CPU
		{5EFF99C3-6228-4FCC-AA93-138D8637A554}.Release|Any CPU.ActiveCfg = Release|Any CPU
		{5F2D0F07-F822-4C9D-88CF-DBF0C0199B4F}.Debug|Any CPU.ActiveCfg = Debug|Any CPU
		{5F2D0F07-F822-4C9D-88CF-DBF0C0199B4F}.Debug|Any CPU.Build.0 = Debug|Any CPU
		{5F2D0F07-F822-4C9D-88CF-DBF0C0199B4F}.Release|Any CPU.ActiveCfg = Release|Any CPU
		{5F2D0F07-F822-4C9D-88CF-DBF0C0199B4F}.Release|Any CPU.Build.0 = Release|Any CPU
		{8C77EC98-0296-4DBE-8064-11C4B4315181}.Debug|Any CPU.ActiveCfg = Debug|Any CPU
		{8C77EC98-0296-4DBE-8064-11C4B4315181}.Debug|Any CPU.Build.0 = Debug|Any CPU
		{8C77EC98-0296-4DBE-8064-11C4B4315181}.Release|Any CPU.ActiveCfg = Release|Any CPU
		{8C77EC98-0296-4DBE-8064-11C4B4315181}.Release|Any CPU.Build.0 = Release|Any CPU
		{C03961D7-0D1E-4176-BA04-BF4D44E41790}.Debug|Any CPU.ActiveCfg = Debug|Any CPU
		{C03961D7-0D1E-4176-BA04-BF4D44E41790}.Debug|Any CPU.Build.0 = Debug|Any CPU
		{C03961D7-0D1E-4176-BA04-BF4D44E41790}.Release|Any CPU.ActiveCfg = Release|Any CPU
		{64EF1EE1-CA06-4218-80A1-E33931119DDF}.Debug|Any CPU.ActiveCfg = Debug|Any CPU
		{64EF1EE1-CA06-4218-80A1-E33931119DDF}.Debug|Any CPU.Build.0 = Debug|Any CPU
		{64EF1EE1-CA06-4218-80A1-E33931119DDF}.Release|Any CPU.ActiveCfg = Release|Any CPU
		{198C02B0-2665-4151-A051-D685CA0D09E8}.Debug|Any CPU.ActiveCfg = Debug|Any CPU
		{198C02B0-2665-4151-A051-D685CA0D09E8}.Debug|Any CPU.Build.0 = Debug|Any CPU
		{198C02B0-2665-4151-A051-D685CA0D09E8}.Release|Any CPU.ActiveCfg = Release|Any CPU
		{F5032B12-DBC7-4B98-8324-C357A2C8CCE2}.Debug|Any CPU.ActiveCfg = Debug|Any CPU
		{F5032B12-DBC7-4B98-8324-C357A2C8CCE2}.Debug|Any CPU.Build.0 = Debug|Any CPU
		{F5032B12-DBC7-4B98-8324-C357A2C8CCE2}.Release|Any CPU.ActiveCfg = Release|Any CPU
		{DFA5B4A2-0771-436E-B111-4CE3821D2697}.Debug|Any CPU.ActiveCfg = Debug|Any CPU
		{DFA5B4A2-0771-436E-B111-4CE3821D2697}.Debug|Any CPU.Build.0 = Debug|Any CPU
		{DFA5B4A2-0771-436E-B111-4CE3821D2697}.Release|Any CPU.ActiveCfg = Release|Any CPU
		{50EA6A90-2AF3-4A5D-A374-B83BEBDBF7C2}.Debug|Any CPU.ActiveCfg = Debug|Any CPU
		{50EA6A90-2AF3-4A5D-A374-B83BEBDBF7C2}.Debug|Any CPU.Build.0 = Debug|Any CPU
		{50EA6A90-2AF3-4A5D-A374-B83BEBDBF7C2}.Release|Any CPU.ActiveCfg = Release|Any CPU
		{16D89786-81FB-4675-A78B-64352A7E4EB3}.Debug|Any CPU.ActiveCfg = Debug|Any CPU
		{16D89786-81FB-4675-A78B-64352A7E4EB3}.Debug|Any CPU.Build.0 = Debug|Any CPU
		{16D89786-81FB-4675-A78B-64352A7E4EB3}.Release|Any CPU.ActiveCfg = Release|Any CPU
		{373A097C-3781-4016-8F7E-1647B4830A77}.Debug|Any CPU.ActiveCfg = Debug|Any CPU
		{373A097C-3781-4016-8F7E-1647B4830A77}.Debug|Any CPU.Build.0 = Debug|Any CPU
		{373A097C-3781-4016-8F7E-1647B4830A77}.Release|Any CPU.ActiveCfg = Release|Any CPU
		{4130DB41-57DA-45B4-81C3-F56558165B32}.Debug|Any CPU.ActiveCfg = Debug|Any CPU
		{4130DB41-57DA-45B4-81C3-F56558165B32}.Debug|Any CPU.Build.0 = Debug|Any CPU
		{4130DB41-57DA-45B4-81C3-F56558165B32}.Release|Any CPU.ActiveCfg = Release|Any CPU
		{F0CC7C3F-4462-444F-8834-D6BF3FA1473D}.Debug|Any CPU.ActiveCfg = Debug|Any CPU
		{F0CC7C3F-4462-444F-8834-D6BF3FA1473D}.Debug|Any CPU.Build.0 = Debug|Any CPU
		{F0CC7C3F-4462-444F-8834-D6BF3FA1473D}.Release|Any CPU.ActiveCfg = Release|Any CPU
		{CD04F13C-C52C-4D7E-92BF-E0462D83EF9F}.Debug|Any CPU.ActiveCfg = Debug|Any CPU
		{CD04F13C-C52C-4D7E-92BF-E0462D83EF9F}.Debug|Any CPU.Build.0 = Debug|Any CPU
		{CD04F13C-C52C-4D7E-92BF-E0462D83EF9F}.Release|Any CPU.ActiveCfg = Release|Any CPU
	EndGlobalSection
	GlobalSection(SolutionProperties) = preSolution
		HideSolutionNode = FALSE
	EndGlobalSection
	GlobalSection(NestedProjects) = preSolution
		{562B5F7B-6229-4019-BFA9-CD7FD4773081} = {EBED32C4-05FB-4996-BCFF-5DC1EF43CA21}
		{079B9426-9230-468E-8D02-2A0DE07C7237} = {8B7992B9-F570-4E74-8AE4-F9436BD7CBEF}
		{D4594A0C-B02F-469D-9521-F0BDD5A30FC0} = {F33E4994-452C-4C09-9FB5-C2E17D0884B6}
		{0669C921-3181-4ABD-A132-C8B0A772396F} = {EBED32C4-05FB-4996-BCFF-5DC1EF43CA21}
		{DB88DADE-90F2-4250-8092-6C35F3582AE0} = {F33E4994-452C-4C09-9FB5-C2E17D0884B6}
		{ACB6488C-BB75-4707-8D52-760402CEF9E6} = {D1EDDE24-5DC8-407E-BE37-77AD0B75759D}
		{FBA5F2B1-6BDD-4EC0-9476-00F95C151952} = {F33E4994-452C-4C09-9FB5-C2E17D0884B6}
		{8F75978E-966D-47BF-8948-42B886ED1BD9} = {8B7992B9-F570-4E74-8AE4-F9436BD7CBEF}
		{19CB59D1-7AB7-472B-94B2-7A66E1E101DC} = {D1EDDE24-5DC8-407E-BE37-77AD0B75759D}
		{EEE8B90E-EF46-41D8-8ED0-3609129A178C} = {F33E4994-452C-4C09-9FB5-C2E17D0884B6}
		{3D4F1757-D1DC-4DB8-928C-8F27CE125620} = {F33E4994-452C-4C09-9FB5-C2E17D0884B6}
		{C3EA8258-4A3B-49F5-8943-32D4610A2E61} = {8B7992B9-F570-4E74-8AE4-F9436BD7CBEF}
		{5EFF99C3-6228-4FCC-AA93-138D8637A554} = {8B7992B9-F570-4E74-8AE4-F9436BD7CBEF}
		{C03961D7-0D1E-4176-BA04-BF4D44E41790} = {D1EDDE24-5DC8-407E-BE37-77AD0B75759D}
		{64EF1EE1-CA06-4218-80A1-E33931119DDF} = {F33E4994-452C-4C09-9FB5-C2E17D0884B6}
		{198C02B0-2665-4151-A051-D685CA0D09E8} = {8B7992B9-F570-4E74-8AE4-F9436BD7CBEF}
		{F5032B12-DBC7-4B98-8324-C357A2C8CCE2} = {F33E4994-452C-4C09-9FB5-C2E17D0884B6}
		{DFA5B4A2-0771-436E-B111-4CE3821D2697} = {F33E4994-452C-4C09-9FB5-C2E17D0884B6}
		{50EA6A90-2AF3-4A5D-A374-B83BEBDBF7C2} = {F33E4994-452C-4C09-9FB5-C2E17D0884B6}
		{16D89786-81FB-4675-A78B-64352A7E4EB3} = {D1EDDE24-5DC8-407E-BE37-77AD0B75759D}
		{373A097C-3781-4016-8F7E-1647B4830A77} = {F33E4994-452C-4C09-9FB5-C2E17D0884B6}
		{4130DB41-57DA-45B4-81C3-F56558165B32} = {F33E4994-452C-4C09-9FB5-C2E17D0884B6}
		{F0CC7C3F-4462-444F-8834-D6BF3FA1473D} = {8B7992B9-F570-4E74-8AE4-F9436BD7CBEF}
		{CD04F13C-C52C-4D7E-92BF-E0462D83EF9F} = {F33E4994-452C-4C09-9FB5-C2E17D0884B6}
	EndGlobalSection
	GlobalSection(ExtensibilityGlobals) = postSolution
		SolutionGuid = {BFF7B9CC-46C9-4547-9FA1-D17E2A89613C}
	EndGlobalSection
	GlobalSection(SharedMSBuildProjectFiles) = preSolution
		GUI\Shared\Shared.projitems*{9774f070-c59a-4fc2-93a5-90b7e7435fe8}*SharedItemsImports = 13
		GUI\Shared\Shared.projitems*{c670be03-6397-4ac0-9914-ad1bb679778f}*SharedItemsImports = 4
	EndGlobalSection
EndGlobal
